Microsoft Visual Studio Solution File, Format Version 12.00
# Visual Studio Version 17
VisualStudioVersion = 17.5.2.0
MinimumVisualStudioVersion = 10.0.40219.1
Project("{FAE04EC0-301F-11D3-BF4B-00C04F79EFBC}") = "StockSystemApp", "StockSystemApp.csproj", "{7E9C0BE8-B78F-8F17-52AB-BEFA21FE888A}"
EndProject
Global
	GlobalSection(SolutionConfigurationPlatforms) = preSolution
		Debug|Any CPU = Debug|Any CPU
		Release|Any CPU = Release|Any CPU
	EndGlobalSection
	GlobalSection(ProjectConfigurationPlatforms) = postSolution
		{7E9C0BE8-B78F-8F17-52AB-BEFA21FE888A}.Debug|Any CPU.ActiveCfg = Debug|Any CPU
		{7E9C0BE8-B78F-8F17-52AB-BEFA21FE888A}.Debug|Any CPU.Build.0 = Debug|Any CPU
		{7E9C0BE8-B78F-8F17-52AB-BEFA21FE888A}.Release|Any CPU.ActiveCfg = Release|Any CPU
		{7E9C0BE8-B78F-8F17-52AB-BEFA21FE888A}.Release|Any CPU.Build.0 = Release|Any CPU
	EndGlobalSection
	GlobalSection(SolutionProperties) = preSolution
		HideSolutionNode = FALSE
	EndGlobalSection
	GlobalSection(ExtensibilityGlobals) = postSolution
		SolutionGuid = {DF2F7D4C-25CF-4795-AE76-AC9A08BB72C4}
	EndGlobalSection
EndGlobal
